// !$*UTF8*$!
{
	archiveVersion = 1;
	classes = {
	};
	objectVersion = 50;
	objects = {

/* Begin PBXBuildFile section */
		BC2953712643D8BC00613915 /* AppDelegate.swift in Sources */ = {isa = PBXBuildFile; fileRef = BC2953702643D8BC00613915 /* AppDelegate.swift */; };
		BC2953732643D8BC00613915 /* SceneDelegate.swift in Sources */ = {isa = PBXBuildFile; fileRef = BC2953722643D8BC00613915 /* SceneDelegate.swift */; };
		BC2953752643D8BC00613915 /* blogViewController.swift in Sources */ = {isa = PBXBuildFile; fileRef = BC2953742643D8BC00613915 /* blogViewController.swift */; };
		BC2953782643D8BC00613915 /* Main.storyboard in Resources */ = {isa = PBXBuildFile; fileRef = BC2953762643D8BC00613915 /* Main.storyboard */; };
		BC29537A2643D8BD00613915 /* Assets.xcassets in Resources */ = {isa = PBXBuildFile; fileRef = BC2953792643D8BD00613915 /* Assets.xcassets */; };
		BC29537D2643D8BD00613915 /* LaunchScreen.storyboard in Resources */ = {isa = PBXBuildFile; fileRef = BC29537B2643D8BD00613915 /* LaunchScreen.storyboard */; };
		BC60E3AF2647CDFD001C7E92 /* mainVC.swift in Sources */ = {isa = PBXBuildFile; fileRef = BC60E3AE2647CDFD001C7E92 /* mainVC.swift */; };
		BC60E3B12647D022001C7E92 /* githubViewController.swift in Sources */ = {isa = PBXBuildFile; fileRef = BC60E3B02647D022001C7E92 /* githubViewController.swift */; };
/* End PBXBuildFile section */

/* Begin PBXFileReference section */
		BC29536D2643D8BC00613915 /* practice_webView.app */ = {isa = PBXFileReference; explicitFileType = wrapper.application; includeInIndex = 0; path = practice_webView.app; sourceTree = BUILT_PRODUCTS_DIR; };
		BC2953702643D8BC00613915 /* AppDelegate.swift */ = {isa = PBXFileReference; lastKnownFileType = sourcecode.swift; path = AppDelegate.swift; sourceTree = "<group>"; };
		BC2953722643D8BC00613915 /* SceneDelegate.swift */ = {isa = PBXFileReference; lastKnownFileType = sourcecode.swift; path = SceneDelegate.swift; sourceTree = "<group>"; };
		BC2953742643D8BC00613915 /* blogViewController.swift */ = {isa = PBXFileReference; lastKnownFileType = sourcecode.swift; path = blogViewController.swift; sourceTree = "<group>"; };
		BC2953772643D8BC00613915 /* Base */ = {isa = PBXFileReference; lastKnownFileType = file.storyboard; name = Base; path = Base.lproj/Main.storyboard; sourceTree = "<group>"; };
		BC2953792643D8BD00613915 /* Assets.xcassets */ = {isa = PBXFileReference; lastKnownFileType = folder.assetcatalog; path = Assets.xcassets; sourceTree = "<group>"; };
		BC29537C2643D8BD00613915 /* Base */ = {isa = PBXFileReference; lastKnownFileType = file.storyboard; name = Base; path = Base.lproj/LaunchScreen.storyboard; sourceTree = "<group>"; };
		BC29537E2643D8BD00613915 /* Info.plist */ = {isa = PBXFileReference; lastKnownFileType = text.plist.xml; path = Info.plist; sourceTree = "<group>"; };
		BC60E3AE2647CDFD001C7E92 /* mainVC.swift */ = {isa = PBXFileReference; lastKnownFileType = sourcecode.swift; path = mainVC.swift; sourceTree = "<group>"; };
		BC60E3B02647D022001C7E92 /* githubViewController.swift */ = {isa = PBXFileReference; lastKnownFileType = sourcecode.swift; path = githubViewController.swift; sourceTree = "<group>"; };
/* End PBXFileReference section */

/* Begin PBXFrameworksBuildPhase section */
		BC29536A2643D8BC00613915 /* Frameworks */ = {
			isa = PBXFrameworksBuildPhase;
			buildActionMask = 2147483647;
			files = (
			);
			runOnlyForDeploymentPostprocessing = 0;
		};
/* End PBXFrameworksBuildPhase section */

/* Begin PBXGroup section */
		BC2953642643D8BC00613915 = {
			isa = PBXGroup;
			children = (
				BC29536F2643D8BC00613915 /* practice_webView */,
				BC29536E2643D8BC00613915 /* Products */,
			);
			sourceTree = "<group>";
		};
		BC29536E2643D8BC00613915 /* Products */ = {
			isa = PBXGroup;
			children = (
				BC29536D2643D8BC00613915 /* practice_webView.app */,
			);
			name = Products;
			sourceTree = "<group>";
		};
		BC29536F2643D8BC00613915 /* practice_webView */ = {
			isa = PBXGroup;
			children = (
				BC2953702643D8BC00613915 /* AppDelegate.swift */,
				BC2953722643D8BC00613915 /* SceneDelegate.swift */,
				BC2953742643D8BC00613915 /* blogViewController.swift */,
				BC60E3B02647D022001C7E92 /* githubViewController.swift */,
				BC60E3AE2647CDFD001C7E92 /* mainVC.swift */,
				BC2953762643D8BC00613915 /* Main.storyboard */,
				BC2953792643D8BD00613915 /* Assets.xcassets */,
				BC29537B2643D8BD00613915 /* LaunchScreen.storyboard */,
				BC29537E2643D8BD00613915 /* Info.plist */,
			);
			path = practice_webView;
			sourceTree = "<group>";
		};
/* End PBXGroup section */

/* Begin PBXNativeTarget section */
		BC29536C2643D8BC00613915 /* practice_webView */ = {
			isa = PBXNativeTarget;
			buildConfigurationList = BC2953812643D8BD00613915 /* Build configuration list for PBXNativeTarget "practice_webView" */;
			buildPhases = (
				BC2953692643D8BC00613915 /* Sources */,
				BC29536A2643D8BC00613915 /* Frameworks */,
				BC29536B2643D8BC00613915 /* Resources */,
			);
			buildRules = (
			);
			dependencies = (
			);
			name = practice_webView;
			productName = practice_webView;
			productReference = BC29536D2643D8BC00613915 /* practice_webView.app */;
			productType = "com.apple.product-type.application";
		};
/* End PBXNativeTarget section */

/* Begin PBXProject section */
		BC2953652643D8BC00613915 /* Project object */ = {
			isa = PBXProject;
			attributes = {
				LastSwiftUpdateCheck = 1250;
				LastUpgradeCheck = 1250;
				TargetAttributes = {
					BC29536C2643D8BC00613915 = {
						CreatedOnToolsVersion = 12.5;
					};
				};
			};
			buildConfigurationList = BC2953682643D8BC00613915 /* Build configuration list for PBXProject "practice_webView" */;
			compatibilityVersion = "Xcode 9.3";
			developmentRegion = en;
			hasScannedForEncodings = 0;
			knownRegions = (
				en,
				Base,
			);
			mainGroup = BC2953642643D8BC00613915;
			productRefGroup = BC29536E2643D8BC00613915 /* Products */;
			projectDirPath = "";
			projectRoot = "";
			targets = (
				BC29536C2643D8BC00613915 /* practice_webView */,
			);
		};
/* End PBXProject section */

/* Begin PBXResourcesBuildPhase section */
		BC29536B2643D8BC00613915 /* Resources */ = {
			isa = PBXResourcesBuildPhase;
			buildActionMask = 2147483647;
			files = (
				BC29537D2643D8BD00613915 /* LaunchScreen.storyboard in Resources */,
				BC29537A2643D8BD00613915 /* Assets.xcassets in Resources */,
				BC2953782643D8BC00613915 /* Main.storyboard in Resources */,
			);
			runOnlyForDeploymentPostprocessing = 0;
		};
/* End PBXResourcesBuildPhase section */

/* Begin PBXSourcesBuildPhase section */
		BC2953692643D8BC00613915 /* Sources */ = {
			isa = PBXSourcesBuildPhase;
			buildActionMask = 2147483647;
			files = (
				BC2953752643D8BC00613915 /* blogViewController.swift in Sources */,
				BC60E3AF2647CDFD001C7E92 /* mainVC.swift in Sources */,
				BC2953712643D8BC00613915 /* AppDelegate.swift in Sources */,
				BC60E3B12647D022001C7E92 /* githubViewController.swift in Sources */,
				BC2953732643D8BC00613915 /* SceneDelegate.swift in Sources */,
			);
			runOnlyForDeploymentPostprocessing = 0;
		};
/* End PBXSourcesBuildPhase section */

/* Begin PBXVariantGroup section */
		BC2953762643D8BC00613915 /* Main.storyboard */ = {
			isa = PBXVariantGroup;
			children = (
				BC2953772643D8BC00613915 /* Base */,
			);
			name = Main.storyboard;
			sourceTree = "<group>";
		};
		BC29537B2643D8BD00613915 /* LaunchScreen.storyboard */ = {
			isa = PBXVariantGroup;
			children = (
				BC29537C2643D8BD00613915 /* Base */,
			);
			name = LaunchScreen.storyboard;
			sourceTree = "<group>";
		};
/* End PBXVariantGroup section */

/* Begin XCBuildConfiguration section */
		BC29537F2643D8BD00613915 /* Debug */ = {
			isa = XCBuildConfiguration;
			buildSettings = {
				ALWAYS_SEARCH_USER_PATHS = NO;
				CLANG_ANALYZER_NONNULL = YES;
				CLANG_ANALYZER_NUMBER_OBJECT_CONVERSION = YES_AGGRESSIVE;
				CLANG_CXX_LANGUAGE_STANDARD = "gnu++14";
				CLANG_CXX_LIBRARY = "libc++";
				CLANG_ENABLE_MODULES = YES;
				CLANG_ENABLE_OBJC_ARC = YES;
				CLANG_ENABLE_OBJC_WEAK = YES;
				CLANG_WARN_BLOCK_CAPTURE_AUTORELEASING = YES;
				CLANG_WARN_BOOL_CONVERSION = YES;
				CLANG_WARN_COMMA = YES;
				CLANG_WARN_CONSTANT_CONVERSION = YES;
				CLANG_WARN_DEPRECATED_OBJC_IMPLEMENTATIONS = YES;
				CLANG_WARN_DIRECT_OBJC_ISA_USAGE = YES_ERROR;
				CLANG_WARN_DOCUMENTATION_COMMENTS = YES;
				CLANG_WARN_EMPTY_BODY = YES;
				CLANG_WARN_ENUM_CONVERSION = YES;
				CLANG_WARN_INFINITE_RECURSION = YES;
				CLANG_WARN_INT_CONVERSION = YES;
				CLANG_WARN_NON_LITERAL_NULL_CONVERSION = YES;
				CLANG_WARN_OBJC_IMPLICIT_RETAIN_SELF = YES;
				CLANG_WARN_OBJC_LITERAL_CONVERSION = YES;
				CLANG_WARN_OBJC_ROOT_CLASS = YES_ERROR;
				CLANG_WARN_QUOTED_INCLUDE_IN_FRAMEWORK_HEADER = YES;
				CLANG_WARN_RANGE_LOOP_ANALYSIS = YES;
				CLANG_WARN_STRICT_PROTOTYPES = YES;
				CLANG_WARN_SUSPICIOUS_MOVE = YES;
				CLANG_WARN_UNGUARDED_AVAILABILITY = YES_AGGRESSIVE;
				CLANG_WARN_UNREACHABLE_CODE = YES;
				CLANG_WARN__DUPLICATE_METHOD_MATCH = YES;
				COPY_PHASE_STRIP = NO;
				DEBUG_INFORMATION_FORMAT = dwarf;
				ENABLE_STRICT_OBJC_MSGSEND = YES;
				ENABLE_TESTABILITY = YES;
				GCC_C_LANGUAGE_STANDARD = gnu11;
				GCC_DYNAMIC_NO_PIC = NO;
				GCC_NO_COMMON_BLOCKS = YES;
				GCC_OPTIMIZATION_LEVEL = 0;
				GCC_PREPROCESSOR_DEFINITIONS = (
					"DEBUG=1",
					"$(inherited)",
				);
				GCC_WARN_64_TO_32_BIT_CONVERSION = YES;
				GCC_WARN_ABOUT_RETURN_TYPE = YES_ERROR;
				GCC_WARN_UNDECLARED_SELECTOR = YES;
				GCC_WARN_UNINITIALIZED_AUTOS = YES_AGGRESSIVE;
				GCC_WARN_UNUSED_FUNCTION = YES;
				GCC_WARN_UNUSED_VARIABLE = YES;
				IPHONEOS_DEPLOYMENT_TARGET = 14.5;
				MTL_ENABLE_DEBUG_INFO = INCLUDE_SOURCE;
				MTL_FAST_MATH = YES;
				ONLY_ACTIVE_ARCH = YES;
				SDKROOT = iphoneos;
				SWIFT_ACTIVE_COMPILATION_CONDITIONS = DEBUG;
				SWIFT_OPTIMIZATION_LEVEL = "-Onone";
			};
			name = Debug;
		};
		BC2953802643D8BD00613915 /* Release */ = {
			isa = XCBuildConfiguration;
			buildSettings = {
				ALWAYS_SEARCH_USER_PATHS = NO;
				CLANG_ANALYZER_NONNULL = YES;
				CLANG_ANALYZER_NUMBER_OBJECT_CONVERSION = YES_AGGRESSIVE;
				CLANG_CXX_LANGUAGE_STANDARD = "gnu++14";
				CLANG_CXX_LIBRARY = "libc++";
				CLANG_ENABLE_MODULES = YES;
				CLANG_ENABLE_OBJC_ARC = YES;
				CLANG_ENABLE_OBJC_WEAK = YES;
				CLANG_WARN_BLOCK_CAPTURE_AUTORELEASING = YES;
				CLANG_WARN_BOOL_CONVERSION = YES;
				CLANG_WARN_COMMA = YES;
				CLANG_WARN_CONSTANT_CONVERSION = YES;
				CLANG_WARN_DEPRECATED_OBJC_IMPLEMENTATIONS = YES;
				CLANG_WARN_DIRECT_OBJC_ISA_USAGE = YES_ERROR;
				CLANG_WARN_DOCUMENTATION_COMMENTS = YES;
				CLANG_WARN_EMPTY_BODY = YES;
				CLANG_WARN_ENUM_CONVERSION = YES;
				CLANG_WARN_INFINITE_RECURSION = YES;
				CLANG_WARN_INT_CONVERSION = YES;
				CLANG_WARN_NON_LITERAL_NULL_CONVERSION = YES;
				CLANG_WARN_OBJC_IMPLICIT_RETAIN_SELF = YES;
				CLANG_WARN_OBJC_LITERAL_CONVERSION = YES;
				CLANG_WARN_OBJC_ROOT_CLASS = YES_ERROR;
				CLANG_WARN_QUOTED_INCLUDE_IN_FRAMEWORK_HEADER = YES;
				CLANG_WARN_RANGE_LOOP_ANALYSIS = YES;
				CLANG_WARN_STRICT_PROTOTYPES = YES;
				CLANG_WARN_SUSPICIOUS_MOVE = YES;
				CLANG_WARN_UNGUARDED_AVAILABILITY = YES_AGGRESSIVE;
				CLANG_WARN_UNREACHABLE_CODE = YES;
				CLANG_WARN__DUPLICATE_METHOD_MATCH = YES;
				COPY_PHASE_STRIP = NO;
				DEBUG_INFORMATION_FORMAT = "dwarf-with-dsym";
				ENABLE_NS_ASSERTIONS = NO;
				ENABLE_STRICT_OBJC_MSGSEND = YES;
				GCC_C_LANGUAGE_STANDARD = gnu11;
				GCC_NO_COMMON_BLOCKS = YES;
				GCC_WARN_64_TO_32_BIT_CONVERSION = YES;
				GCC_WARN_ABOUT_RETURN_TYPE = YES_ERROR;
				GCC_WARN_UNDECLARED_SELECTOR = YES;
				GCC_WARN_UNINITIALIZED_AUTOS = YES_AGGRESSIVE;
				GCC_WARN_UNUSED_FUNCTION = YES;
				GCC_WARN_UNUSED_VARIABLE = YES;
				IPHONEOS_DEPLOYMENT_TARGET = 14.5;
				MTL_ENABLE_DEBUG_INFO = NO;
				MTL_FAST_MATH = YES;
				SDKROOT = iphoneos;
				SWIFT_COMPILATION_MODE = wholemodule;
				SWIFT_OPTIMIZATION_LEVEL = "-O";
				VALIDATE_PRODUCT = YES;
			};
			name = Release;
		};
		BC2953822643D8BD00613915 /* Debug */ = {
			isa = XCBuildConfiguration;
			buildSettings = {
				ASSETCATALOG_COMPILER_APPICON_NAME = AppIcon;
				ASSETCATALOG_COMPILER_GLOBAL_ACCENT_COLOR_NAME = AccentColor;
				CODE_SIGN_STYLE = Automatic;
				INFOPLIST_FILE = practice_webView/Info.plist;
				LD_RUNPATH_SEARCH_PATHS = (
					"$(inherited)",
					"@executable_path/Frameworks",
				);
				PRODUCT_BUNDLE_IDENTIFIER = "byeong.practice-webView";
				PRODUCT_NAME = "$(TARGET_NAME)";
				SWIFT_VERSION = 5.0;
				TARGETED_DEVICE_FAMILY = "1,2";
			};
			name = Debug;
		};
		BC2953832643D8BD00613915 /* Release */ = {
			isa = XCBuildConfiguration;
			buildSettings = {
				ASSETCATALOG_COMPILER_APPICON_NAME = AppIcon;
				ASSETCATALOG_COMPILER_GLOBAL_ACCENT_COLOR_NAME = AccentColor;
				CODE_SIGN_STYLE = Automatic;
				INFOPLIST_FILE = practice_webView/Info.plist;
				LD_RUNPATH_SEARCH_PATHS = (
					"$(inherited)",
					"@executable_path/Frameworks",
				);
				PRODUCT_BUNDLE_IDENTIFIER = "byeong.practice-webView";
				PRODUCT_NAME = "$(TARGET_NAME)";
				SWIFT_VERSION = 5.0;
				TARGETED_DEVICE_FAMILY = "1,2";
			};
			name = Release;
		};
/* End XCBuildConfiguration section */

/* Begin XCConfigurationList section */
		BC2953682643D8BC00613915 /* Build configuration list for PBXProject "practice_webView" */ = {
			isa = XCConfigurationList;
			buildConfigurations = (
				BC29537F2643D8BD00613915 /* Debug */,
				BC2953802643D8BD00613915 /* Release */,
			);
			defaultConfigurationIsVisible = 0;
			defaultConfigurationName = Release;
		};
		BC2953812643D8BD00613915 /* Build configuration list for PBXNativeTarget "practice_webView" */ = {
			isa = XCConfigurationList;
			buildConfigurations = (
				BC2953822643D8BD00613915 /* Debug */,
				BC2953832643D8BD00613915 /* Release */,
			);
			defaultConfigurationIsVisible = 0;
			defaultConfigurationName = Release;
		};
/* End XCConfigurationList section */
	};
	rootObject = BC2953652643D8BC00613915 /* Project object */;
}
